
Microsoft Visual Studio Solution File, Format Version 12.00
# Visual Studio Version 17
VisualStudioVersion = 17.8.34316.72
MinimumVisualStudioVersion = 10.0.40219.1
Project("{FAE04EC0-301F-11D3-BF4B-00C04F79EFBC}") = "sheet2_q5", "sheet2_q5\sheet2_q5.csproj", "{CD36840C-928B-4AA2-86A4-E458DA59D9E3}"
EndProject
Global
	GlobalSection(SolutionConfigurationPlatforms) = preSolution
		Debug|Any CPU = Debug|Any CPU
		Release|Any CPU = Release|Any CPU
	EndGlobalSection
	GlobalSection(ProjectConfigurationPlatforms) = postSolution
		{CD36840C-928B-4AA2-86A4-E458DA59D9E3}.Debug|Any CPU.ActiveCfg = Debug|Any CPU
		{CD36840C-928B-4AA2-86A4-E458DA59D9E3}.Debug|Any CPU.Build.0 = Debug|Any CPU
		{CD36840C-928B-4AA2-86A4-E458DA59D9E3}.Release|Any CPU.ActiveCfg = Release|Any CPU
		{CD36840C-928B-4AA2-86A4-E458DA59D9E3}.Release|Any CPU.Build.0 = Release|Any CPU
	EndGlobalSection
	GlobalSection(SolutionProperties) = preSolution
		HideSolutionNode = FALSE
	EndGlobalSection
	GlobalSection(ExtensibilityGlobals) = postSolution
		SolutionGuid = {74FBA367-9B36-4981-B945-EFD71A1B3953}
	EndGlobalSection
EndGlobal
