
Microsoft Visual Studio Solution File, Format Version 12.00
# Visual Studio Version 17
VisualStudioVersion = 17.9.34622.214
MinimumVisualStudioVersion = 10.0.40219.1
Project("{FAE04EC0-301F-11D3-BF4B-00C04F79EFBC}") = "sheet2_q7", "sheet2_q7\sheet2_q7.csproj", "{0797BB91-8400-490D-96EF-CF5BF8BFB8D5}"
EndProject
Global
	GlobalSection(SolutionConfigurationPlatforms) = preSolution
		Debug|Any CPU = Debug|Any CPU
		Release|Any CPU = Release|Any CPU
	EndGlobalSection
	GlobalSection(ProjectConfigurationPlatforms) = postSolution
		{0797BB91-8400-490D-96EF-CF5BF8BFB8D5}.Debug|Any CPU.ActiveCfg = Debug|Any CPU
		{0797BB91-8400-490D-96EF-CF5BF8BFB8D5}.Debug|Any CPU.Build.0 = Debug|Any CPU
		{0797BB91-8400-490D-96EF-CF5BF8BFB8D5}.Release|Any CPU.ActiveCfg = Release|Any CPU
		{0797BB91-8400-490D-96EF-CF5BF8BFB8D5}.Release|Any CPU.Build.0 = Release|Any CPU
	EndGlobalSection
	GlobalSection(SolutionProperties) = preSolution
		HideSolutionNode = FALSE
	EndGlobalSection
	GlobalSection(ExtensibilityGlobals) = postSolution
		SolutionGuid = {008001E9-955A-4316-8C5A-F96EAE9B2D0A}
	EndGlobalSection
EndGlobal
