
Microsoft Visual Studio Solution File, Format Version 12.00
# Visual Studio Version 17
VisualStudioVersion = 17.8.34316.72
MinimumVisualStudioVersion = 10.0.40219.1
Project("{FAE04EC0-301F-11D3-BF4B-00C04F79EFBC}") = "sheet2_q1", "sheet2_q1\sheet2_q1.csproj", "{8F3FD53B-28DA-4D91-A936-9BD8F494CB5A}"
EndProject
Global
	GlobalSection(SolutionConfigurationPlatforms) = preSolution
		Debug|Any CPU = Debug|Any CPU
		Release|Any CPU = Release|Any CPU
	EndGlobalSection
	GlobalSection(ProjectConfigurationPlatforms) = postSolution
		{8F3FD53B-28DA-4D91-A936-9BD8F494CB5A}.Debug|Any CPU.ActiveCfg = Debug|Any CPU
		{8F3FD53B-28DA-4D91-A936-9BD8F494CB5A}.Debug|Any CPU.Build.0 = Debug|Any CPU
		{8F3FD53B-28DA-4D91-A936-9BD8F494CB5A}.Release|Any CPU.ActiveCfg = Release|Any CPU
		{8F3FD53B-28DA-4D91-A936-9BD8F494CB5A}.Release|Any CPU.Build.0 = Release|Any CPU
	EndGlobalSection
	GlobalSection(SolutionProperties) = preSolution
		HideSolutionNode = FALSE
	EndGlobalSection
	GlobalSection(ExtensibilityGlobals) = postSolution
		SolutionGuid = {1B761CE7-89E8-4587-BF62-0193D9F7A967}
	EndGlobalSection
EndGlobal
